
Microsoft Visual Studio Solution File, Format Version 12.00
# Visual Studio Version 17
VisualStudioVersion = 17.14.36109.1
MinimumVisualStudioVersion = 10.0.40219.1
Project("{9A19103F-16F7-4668-BE54-9A1E7A4F7556}") = "RestaurantBackend", "RestaurantBackend\RestaurantBackend.csproj", "{BF2964A5-5A6D-4920-82EC-B0004210E45C}"
EndProject
Project("{2150E333-8FDC-42A3-9474-1A3956D46DE8}") = "Utils", "Utils", "{36D591C7-65C7-A0D1-1CBC-10CDE441BDC8}"
EndProject
Project("{9A19103F-16F7-4668-BE54-9A1E7A4F7556}") = "RestaurantBackend.Test", "RestaurantBackend.Test\RestaurantBackend.Test\RestaurantBackend.Test.csproj", "{D2092A95-F968-461C-900B-0791F007B501}"
EndProject
Global
	GlobalSection(SolutionConfigurationPlatforms) = preSolution
		Debug|Any CPU = Debug|Any CPU
		Release|Any CPU = Release|Any CPU
	EndGlobalSection
	GlobalSection(ProjectConfigurationPlatforms) = postSolution
		{BF2964A5-5A6D-4920-82EC-B0004210E45C}.Debug|Any CPU.ActiveCfg = Debug|Any CPU
		{BF2964A5-5A6D-4920-82EC-B0004210E45C}.Debug|Any CPU.Build.0 = Debug|Any CPU
		{BF2964A5-5A6D-4920-82EC-B0004210E45C}.Release|Any CPU.ActiveCfg = Release|Any CPU
		{BF2964A5-5A6D-4920-82EC-B0004210E45C}.Release|Any CPU.Build.0 = Release|Any CPU
		{D2092A95-F968-461C-900B-0791F007B501}.Debug|Any CPU.ActiveCfg = Debug|Any CPU
		{D2092A95-F968-461C-900B-0791F007B501}.Debug|Any CPU.Build.0 = Debug|Any CPU
		{D2092A95-F968-461C-900B-0791F007B501}.Release|Any CPU.ActiveCfg = Release|Any CPU
		{D2092A95-F968-461C-900B-0791F007B501}.Release|Any CPU.Build.0 = Release|Any CPU
	EndGlobalSection
	GlobalSection(SolutionProperties) = preSolution
		HideSolutionNode = FALSE
	EndGlobalSection
	GlobalSection(ExtensibilityGlobals) = postSolution
		SolutionGuid = {EAA770C0-F681-43C9-9B89-B15B4070EB37}
	EndGlobalSection
EndGlobal
