
Microsoft Visual Studio Solution File, Format Version 12.00
# Visual Studio Version 17
VisualStudioVersion = 17.9.34622.214
MinimumVisualStudioVersion = 10.0.40219.1
Project("{FAE04EC0-301F-11D3-BF4B-00C04F79EFBC}") = "RestaurantBackend.Test", "RestaurantBackend.Test\RestaurantBackend.Test.csproj", "{B60FD6B0-9D95-4CA6-B74C-FB188629275A}"
EndProject
Global
	GlobalSection(SolutionConfigurationPlatforms) = preSolution
		Debug|Any CPU = Debug|Any CPU
		Release|Any CPU = Release|Any CPU
	EndGlobalSection
	GlobalSection(ProjectConfigurationPlatforms) = postSolution
		{B60FD6B0-9D95-4CA6-B74C-FB188629275A}.Debug|Any CPU.ActiveCfg = Debug|Any CPU
		{B60FD6B0-9D95-4CA6-B74C-FB188629275A}.Debug|Any CPU.Build.0 = Debug|Any CPU
		{B60FD6B0-9D95-4CA6-B74C-FB188629275A}.Release|Any CPU.ActiveCfg = Release|Any CPU
		{B60FD6B0-9D95-4CA6-B74C-FB188629275A}.Release|Any CPU.Build.0 = Release|Any CPU
	EndGlobalSection
	GlobalSection(SolutionProperties) = preSolution
		HideSolutionNode = FALSE
	EndGlobalSection
	GlobalSection(ExtensibilityGlobals) = postSolution
		SolutionGuid = {7E875221-5DB1-47AD-A693-242F6E80D367}
	EndGlobalSection
EndGlobal
